
Microsoft Visual Studio Solution File, Format Version 12.00
# Visual Studio Version 17
VisualStudioVersion = 17.4.33213.308
MinimumVisualStudioVersion = 10.0.40219.1
Project("{FAE04EC0-301F-11D3-BF4B-00C04F79EFBC}") = "API", "API\API.csproj", "{7112E204-0833-4791-BD12-B11DAA0975FA}"
EndProject
Global
	GlobalSection(SolutionConfigurationPlatforms) = preSolution
		Debug|Any CPU = Debug|Any CPU
		Release|Any CPU = Release|Any CPU
	EndGlobalSection
	GlobalSection(ProjectConfigurationPlatforms) = postSolution
		{7112E204-0833-4791-BD12-B11DAA0975FA}.Debug|Any CPU.ActiveCfg = Debug|Any CPU
		{7112E204-0833-4791-BD12-B11DAA0975FA}.Debug|Any CPU.Build.0 = Debug|Any CPU
		{7112E204-0833-4791-BD12-B11DAA0975FA}.Release|Any CPU.ActiveCfg = Release|Any CPU
		{7112E204-0833-4791-BD12-B11DAA0975FA}.Release|Any CPU.Build.0 = Release|Any CPU
	EndGlobalSection
	GlobalSection(SolutionProperties) = preSolution
		HideSolutionNode = FALSE
	EndGlobalSection
	GlobalSection(ExtensibilityGlobals) = postSolution
		SolutionGuid = {F08FC969-F830-4F2B-9C79-49AE89FF149A}
	EndGlobalSection
EndGlobal
